
Microsoft Visual Studio Solution File, Format Version 12.00
# Visual Studio Version 16
VisualStudioVersion = 16.0.810.23
MinimumVisualStudioVersion = 10.0.40219.1
Project("{FAE04EC0-301F-11D3-BF4B-00C04F79EFBC}") = "fibonacci_series", "fibonacci_series\fibonacci_series.csproj", "{6315479C-01DB-417E-A8BD-A22C8E4B3877}"
EndProject
Global
	GlobalSection(SolutionConfigurationPlatforms) = preSolution
		Debug|Any CPU = Debug|Any CPU
		Release|Any CPU = Release|Any CPU
	EndGlobalSection
	GlobalSection(ProjectConfigurationPlatforms) = postSolution
		{6315479C-01DB-417E-A8BD-A22C8E4B3877}.Debug|Any CPU.ActiveCfg = Debug|Any CPU
		{6315479C-01DB-417E-A8BD-A22C8E4B3877}.Debug|Any CPU.Build.0 = Debug|Any CPU
		{6315479C-01DB-417E-A8BD-A22C8E4B3877}.Release|Any CPU.ActiveCfg = Release|Any CPU
		{6315479C-01DB-417E-A8BD-A22C8E4B3877}.Release|Any CPU.Build.0 = Release|Any CPU
	EndGlobalSection
	GlobalSection(SolutionProperties) = preSolution
		HideSolutionNode = FALSE
	EndGlobalSection
	GlobalSection(ExtensibilityGlobals) = postSolution
		SolutionGuid = {0B0C6738-4F1B-4E92-A665-A2652652138C}
	EndGlobalSection
EndGlobal
